{
    "_meta": {
        "hash": {
            "sha256": "96400c9c2057caf7a14c7c054b80bb943046e1213fdfad868b3e1831d99634da"
        },
        "pipfile-spec": 6,
        "requires": {
            "python_version": "3.6"
        },
        "sources": [
            {
                "name": "pypi",
                "url": "https://pypi.org/simple",
                "verify_ssl": true
            }
        ]
    },
    "default": {
        "awsebcli": {
            "hashes": [
                "sha256:0580093a0df8b02f4ce689932087e4bc1352a674d0137d48f0e6d1745734e5c6"
            ],
            "index": "pypi",
            "version": "==3.14.9"
        },
        "blessed": {
            "hashes": [
                "sha256:777b0b6b5ce51f3832e498c22bc6a093b6b5f99148c7cbf866d26e2dec51ef21",
                "sha256:9a0a98c7070b016341ae0300415deeda930a340ef7961d9b920a5cb200a601e2"
            ],
            "version": "==1.15.0"
        },
        "botocore": {
            "hashes": [
                "sha256:76a2969278250e010253ddf514f4b54eaa7d2b1430f682874c3c2ab92f25a96d",
                "sha256:8c579bac9abeaff1270a7a25964b01d3db1367f42fa5f826e1303ec8a4b13cef"
            ],
            "version": "==1.12.80"
        },
        "cached-property": {
            "hashes": [
                "sha256:3a026f1a54135677e7da5ce819b0c690f156f37976f3e30c5430740725203d7f",
                "sha256:9217a59f14a5682da7c4b8829deadbfc194ac22e9908ccf7c8820234e80a1504"
            ],
            "version": "==1.5.1"
        },
        "cement": {
            "hashes": [
                "sha256:8765ed052c061d74e4d0189addc33d268de544ca219b259d797741f725e422d2"
            ],
            "version": "==2.8.2"
        },
        "certifi": {
            "hashes": [
                "sha256:47f9c83ef4c0c621eaef743f133f09fa8a74a9b75f037e8624f83bd1b6626cb7",
                "sha256:993f830721089fef441cdfeb4b2c8c9df86f0c63239f06bd025a76a7daddb033"
            ],
            "version": "==2018.11.29"
        },
        "chardet": {
            "hashes": [
                "sha256:84ab92ed1c4d4f16916e05906b6b75a6c0fb5db821cc65e70cbd64a3e2a5eaae",
                "sha256:fc323ffcaeaed0e0a02bf4d117757b98aed530d9ed4531e3e15460124c106691"
            ],
            "version": "==3.0.4"
        },
        "colorama": {
            "hashes": [
                "sha256:463f8483208e921368c9f306094eb6f725c6ca42b0f97e313cb5d5512459feda",
                "sha256:48eb22f4f8461b1df5734a074b57042430fb06e1d61bd1e11b078c0fe6d7a1f1"
            ],
            "version": "==0.3.9"
        },
        "django": {
            "hashes": [
                "sha256:a32c22af23634e1d11425574dce756098e015a165be02e4690179889b207c7a8",
                "sha256:d6393918da830530a9516bbbcbf7f1214c3d733738779f06b0f649f49cc698c3"
            ],
            "index": "pypi",
            "version": "==2.1.5"
        },
        "django-appconf": {
            "hashes": [
                "sha256:6a4d9aea683b4c224d97ab8ee11ad2d29a37072c0c6c509896dd9857466fb261",
                "sha256:ddab987d14b26731352c01ee69c090a4ebfc9141ed223bef039d79587f22acd9"
            ],
            "version": "==1.0.2"
        },
        "django-compressor": {
            "hashes": [
                "sha256:7732676cfb9d58498dfb522b036f75f3f253f72ea1345ac036434fdc418c2e57",
                "sha256:9616570e5b08e92fa9eadc7a1b1b49639cce07ef392fc27c74230ab08075b30f"
            ],
            "index": "pypi",
            "version": "==2.2"
        },
        "django-redis": {
            "hashes": [
                "sha256:af0b393864e91228dd30d8c85b5c44d670b5524cb161b7f9e41acc98b6e5ace7",
                "sha256:f46115577063d00a890867c6964ba096057f07cb756e78e0503b89cd18e4e083"
            ],
            "index": "pypi",
            "version": "==4.10.0"
        },
        "django-sass-processor": {
            "hashes": [
                "sha256:0381585a23c0f31a387cb53cf38f744e4d97d8ac3b9b19ec423dd6bfa714ecff"
            ],
            "index": "pypi",
            "version": "==0.7.2"
        },
        "docker": {
            "hashes": [
                "sha256:2840ffb9dc3ef6d00876bde476690278ab13fa1f8ba9127ef855ac33d00c3152",
                "sha256:5831256da3477723362bc71a8df07b8cd8493e4a4a60cebd45580483edbe48ae"
            ],
            "version": "==3.7.0"
        },
        "docker-compose": {
            "hashes": [
                "sha256:21278ce11d4b75a10e249ed49f0671a86ab272fcc5a4bd53983976ddcf0c1d02",
                "sha256:ff079e9e39cde7e437ed87dd5434ea1647f7e203f6327cc5f7db7ef10fa452f4"
            ],
            "version": "==1.23.2"
        },
        "docker-pycreds": {
            "hashes": [
                "sha256:6ce3270bcaf404cc4c3e27e4b6c70d3521deae82fb508767870fdbf772d584d4",
                "sha256:7266112468627868005106ec19cd0d722702d2b7d5912a28e19b826c3d37af49"
            ],
            "version": "==0.4.0"
        },
        "dockerpty": {
            "hashes": [
                "sha256:69a9d69d573a0daa31bcd1c0774eeed5c15c295fe719c61aca550ed1393156ce"
            ],
            "version": "==0.4.1"
        },
        "docopt": {
            "hashes": [
                "sha256:49b3a825280bd66b3aa83585ef59c4a8c82f2c8a522dbe754a8bc8d08c85c491"
            ],
            "version": "==0.6.2"
        },
        "docutils": {
            "hashes": [
                "sha256:02aec4bd92ab067f6ff27a38a38a41173bf01bed8f89157768c1573f53e474a6",
                "sha256:51e64ef2ebfb29cae1faa133b3710143496eca21c530f3f71424d77687764274",
                "sha256:7a4bd47eaf6596e1295ecb11361139febe29b084a87bf005bf899f9a42edc3c6"
            ],
            "version": "==0.14"
        },
        "idna": {
            "hashes": [
                "sha256:156a6814fb5ac1fc6850fb002e0852d56c0c8d2531923a51032d1b70760e186e",
                "sha256:684a38a6f903c1d71d6d5fac066b58d7768af4de2b832e426ec79c30daa94a16"
            ],
            "version": "==2.7"
        },
        "jmespath": {
            "hashes": [
                "sha256:6a81d4c9aa62caf061cb517b4d9ad1dd300374cd4706997aff9cd6aedd61fc64",
                "sha256:f11b4461f425740a1d908e9a3f7365c3d2e569f6ca68a2ff8bc5bcd9676edd63"
            ],
            "version": "==0.9.3"
        },
        "jsonschema": {
            "hashes": [
                "sha256:000e68abd33c972a5248544925a0cae7d1125f9bf6c58280d37546b946769a08",
                "sha256:6ff5f3180870836cae40f06fa10419f557208175f13ad7bc26caa77beb1f6e02"
            ],
            "version": "==2.6.0"
        },
        "libsass": {
            "hashes": [
                "sha256:0da943e00e028211cb4bb91496a20becab9fe82407bb75266ec4212af04acb45",
                "sha256:107591ba2c0d173bb1705bef0e9fd04a5b6f482f3584f4ea51b28ab8b137fbb2",
                "sha256:1aeadc155594af23879e27792667dc06e7f248c2c599c40ff2a7335193abdf05",
                "sha256:411833c623288138744865d882f5226f6db52afce1e19f42722c416df9d308dc",
                "sha256:4bf7a80a956da9de9715436b85343a179da4ff399a6e9a1694e70bff93d43099",
                "sha256:53be1c6cea9458fc0b59fafff5307d63cbde4d6f8a4413fb52ae467566273357",
                "sha256:55b77204cfa363142ab02c49ee871321a396b8e51f6361ebc226c3953c780541",
                "sha256:66e3062ff508c81928e35c66702f0cc4f70fb12eb76ba23eeb0ff87a6340cc13",
                "sha256:747e1cb3624b25ce9104315cf98b080246c5112d008cba6536a7dd2edb16fcc2",
                "sha256:75605a97f4b2f47fafc5a372f09efec210c7f33908c6de726362f85489fd53aa",
                "sha256:7c7a531b8cd786c35170e97338be2e73a74806f95539366a8ee837df94b8a8cf",
                "sha256:953ebe810f09d81b84ccafdca0fb6171d1b58c8f0147cb650184a41e124e296f",
                "sha256:a19041e78d5bb7c5d72e010e893c29119693628b6ee06025503ab2584cf24edd",
                "sha256:b3e4abf50ad3a6bec25acd0c67495301cab6137aa79b8640364276f7f3712586",
                "sha256:bf6b7ad08f287695338f050c80f79d258a405e5c349cdaeb9be5d5376c09e37a",
                "sha256:fcbc861a001ffd68c4df00164b41c6152d5451185d06c654ac240d811be9f7e2"
            ],
            "index": "pypi",
            "version": "==0.17.0"
        },
        "pathspec": {
            "hashes": [
                "sha256:72c495d1bbe76674219e307f6d1c6062f2e1b0b483a5e4886435127d0df3d0d3"
            ],
            "version": "==0.5.5"
        },
        "psycopg2-binary": {
            "hashes": [
                "sha256:036bcb198a7cc4ce0fe43344f8c2c9a8155aefa411633f426c8c6ed58a6c0426",
                "sha256:1d770fcc02cdf628aebac7404d56b28a7e9ebec8cfc0e63260bd54d6edfa16d4",
                "sha256:1fdc6f369dcf229de6c873522d54336af598b9470ccd5300e2f58ee506f5ca13",
                "sha256:21f9ddc0ff6e07f7d7b6b484eb9da2c03bc9931dd13e36796b111d631f7135a3",
                "sha256:247873cda726f7956f745a3e03158b00de79c4abea8776dc2f611d5ba368d72d",
                "sha256:3aa31c42f29f1da6f4fd41433ad15052d5ff045f2214002e027a321f79d64e2c",
                "sha256:475f694f87dbc619010b26de7d0fc575a4accf503f2200885cc21f526bffe2ad",
                "sha256:4b5e332a24bf6e2fda1f51ca2a57ae1083352293a08eeea1fa1112dc7dd542d1",
                "sha256:570d521660574aca40be7b4d532dfb6f156aad7b16b5ed62d1534f64f1ef72d8",
                "sha256:59072de7def0690dd13112d2bdb453e20570a97297070f876fbbb7cbc1c26b05",
                "sha256:5f0b658989e918ef187f8a08db0420528126f2c7da182a7b9f8bf7f85144d4e4",
                "sha256:649199c84a966917d86cdc2046e03d536763576c0b2a756059ae0b3a9656bc20",
                "sha256:6645fc9b4705ae8fbf1ef7674f416f89ae1559deec810f6dd15197dfa52893da",
                "sha256:6872dd54d4e398d781efe8fe2e2d7eafe4450d61b5c4898aced7610109a6df75",
                "sha256:6ce34fbc251fc0d691c8d131250ba6f42fd2b28ef28558d528ba8c558cb28804",
                "sha256:73920d167a0a4d1006f5f3b9a3efce6f0e5e883a99599d38206d43f27697df00",
                "sha256:8a671732b87ae423e34b51139628123bc0306c2cb85c226e71b28d3d57d7e42a",
                "sha256:8d517e8fda2efebca27c2018e14c90ed7dc3f04d7098b3da2912e62a1a5585fe",
                "sha256:9475a008eb7279e20d400c76471843c321b46acacc7ee3de0b47233a1e3fa2cf",
                "sha256:96947b8cd7b3148fb0e6549fcb31258a736595d6f2a599f8cd450e9a80a14781",
                "sha256:abf229f24daa93f67ac53e2e17c8798a71a01711eb9fcdd029abba8637164338",
                "sha256:b1ab012f276df584beb74f81acb63905762c25803ece647016613c3d6ad4e432",
                "sha256:b22b33f6f0071fe57cb4e9158f353c88d41e739a3ec0d76f7b704539e7076427",
                "sha256:b3b2d53274858e50ad2ffdd6d97ce1d014e1e530f82ec8b307edd5d4c921badf",
                "sha256:bab26a729befc7b9fab9ded1bba9c51b785188b79f8a2796ba03e7e734269e2e",
                "sha256:daa1a593629aa49f506eddc9d23dc7f89b35693b90e1fbcd4480182d1203ea90",
                "sha256:dd111280ce40e89fd17b19c1269fd1b74a30fce9d44a550840e86edb33924eb8",
                "sha256:e0b86084f1e2e78c451994410de756deba206884d6bed68d5a3d7f39ff5fea1d",
                "sha256:eb86520753560a7e89639500e2a254bb6f683342af598088cb72c73edcad21e6",
                "sha256:ff18c5c40a38d41811c23e2480615425c97ea81fd7e9118b8b899c512d97c737"
            ],
            "index": "pypi",
            "version": "==2.7.6.1"
        },
        "python-dateutil": {
            "hashes": [
                "sha256:063df5763652e21de43de7d9e00ccf239f953a832941e37be541614732cdfc93",
                "sha256:88f9287c0174266bb0d8cedd395cfba9c58e87e5ad86b2ce58859bc11be3cf02"
            ],
            "markers": "python_version >= '2.7'",
            "version": "==2.7.5"
        },
        "pytz": {
            "hashes": [
                "sha256:32b0891edff07e28efe91284ed9c31e123d84bea3fd98e1f72be2508f43ef8d9",
                "sha256:d5f05e487007e29e03409f9398d074e158d920d36eb82eaf66fb1136b0c5374c"
            ],
            "version": "==2018.9"
        },
        "pyyaml": {
            "hashes": [
                "sha256:3d7da3009c0f3e783b2c873687652d83b1bbfd5c88e9813fb7e5b03c0dd3108b",
                "sha256:3ef3092145e9b70e3ddd2c7ad59bdd0252a94dfe3949721633e41344de00a6bf",
                "sha256:40c71b8e076d0550b2e6380bada1f1cd1017b882f7e16f09a65be98e017f211a",
                "sha256:558dd60b890ba8fd982e05941927a3911dc409a63dcb8b634feaa0cda69330d3",
                "sha256:a7c28b45d9f99102fa092bb213aa12e0aaf9a6a1f5e395d36166639c1f96c3a1",
                "sha256:aa7dd4a6a427aed7df6fb7f08a580d68d9b118d90310374716ae90b710280af1",
                "sha256:bc558586e6045763782014934bfaf39d48b8ae85a2713117d16c39864085c613",
                "sha256:d46d7982b62e0729ad0175a9bc7e10a566fc07b224d2c79fafb5e032727eaa04",
                "sha256:d5eef459e30b09f5a098b9cea68bebfeb268697f78d647bd255a085371ac7f3f",
                "sha256:e01d3203230e1786cd91ccfdc8f8454c8069c91bee3962ad93b87a4b2860f537",
                "sha256:e170a9e6fcfd19021dd29845af83bb79236068bf5fd4df3327c1be18182b2531"
            ],
            "version": "==3.13"
        },
        "rcssmin": {
            "hashes": [
                "sha256:ca87b695d3d7864157773a61263e5abb96006e9ff0e021eff90cbe0e1ba18270"
            ],
            "version": "==1.0.6"
        },
        "redis": {
            "hashes": [
                "sha256:2100750629beff143b6a200a2ea8e719fcf26420adabb81402895e144c5083cf",
                "sha256:8e0bdd2de02e829b6225b25646f9fb9daffea99a252610d040409a6738541f0a"
            ],
            "version": "==3.0.1"
        },
        "requests": {
            "hashes": [
                "sha256:65b3a120e4329e33c9889db89c80976c5272f56ea92d3e74da8a463992e3ff54",
                "sha256:ea881206e59f41dbd0bd445437d792e43906703fff75ca8ff43ccdb11f33f263"
            ],
            "version": "==2.20.1"
        },
        "rjsmin": {
            "hashes": [
                "sha256:dd9591aa73500b08b7db24367f8d32c6470021f39d5ab4e50c7c02e4401386f1"
            ],
            "version": "==1.0.12"
        },
        "semantic-version": {
            "hashes": [
                "sha256:3baad35dcb074a49419539cea6a33b484706b6c2dd03f05b67763eba4c1bb65c",
                "sha256:75aa594dc3c8000102a35b92e0e21db7b88e083bcb95d0499dea8494b549c3f2"
            ],
            "version": "==2.5.0"
        },
        "six": {
            "hashes": [
                "sha256:70e8a77beed4562e7f14fe23a786b54f6296e34344c23bc42f07b15018ff98e9",
                "sha256:832dc0e10feb1aa2c68dcc57dbb658f1c7e65b9b61af69048abc87a2db00a0eb"
            ],
            "version": "==1.11.0"
        },
        "termcolor": {
            "hashes": [
                "sha256:1d6d69ce66211143803fbc56652b41d73b4a400a2891d7bf7a1cdf4c02de613b"
            ],
            "version": "==1.1.0"
        },
        "texttable": {
            "hashes": [
                "sha256:119041773ff03596b56392532f9315cb3a3116e404fd6f36e76a7dc088d95c79"
            ],
            "version": "==0.9.1"
        },
        "urllib3": {
            "hashes": [
                "sha256:61bf29cada3fc2fbefad4fdf059ea4bd1b4a86d2b6d15e1c7c0b582b9752fe39",
                "sha256:de9529817c93f27c8ccbfead6985011db27bd0ddfcdb2d86f3f663385c6a9c22"
            ],
            "markers": "python_version >= '3.4'",
            "version": "==1.24.1"
        },
        "wcwidth": {
            "hashes": [
                "sha256:3df37372226d6e63e1b1e1eda15c594bca98a22d33a23832a90998faa96bc65e",
                "sha256:f4ebe71925af7b40a864553f761ed559b43544f8f71746c2d756c7fe788ade7c"
            ],
            "version": "==0.1.7"
        },
        "websocket-client": {
            "hashes": [
                "sha256:8c8bf2d4f800c3ed952df206b18c28f7070d9e3dcbd6ca6291127574f57ee786",
                "sha256:e51562c91ddb8148e791f0155fdb01325d99bb52c4cdbb291aee7a3563fd0849"
            ],
            "version": "==0.54.0"
        }
    },
    "develop": {
        "astroid": {
            "hashes": [
                "sha256:35b032003d6a863f5dcd7ec11abd5cd5893428beaa31ab164982403bcb311f22",
                "sha256:6a5d668d7dc69110de01cdf7aeec69a679ef486862a0850cc0fd5571505b6b7e"
            ],
            "version": "==2.1.0"
        },
        "flake8": {
            "hashes": [
                "sha256:6a35f5b8761f45c5513e3405f110a86bea57982c3b75b766ce7b65217abe1670",
                "sha256:c01f8a3963b3571a8e6bd7a4063359aff90749e160778e03817cd9b71c9e07d2"
            ],
            "index": "pypi",
            "version": "==3.6.0"
        },
        "isort": {
            "hashes": [
                "sha256:1153601da39a25b14ddc54955dbbacbb6b2d19135386699e2ad58517953b34af",
                "sha256:b9c40e9750f3d77e6e4d441d8b0266cf555e7cdabdcff33c4fd06366ca761ef8",
                "sha256:ec9ef8f4a9bc6f71eec99e1806bfa2de401650d996c59330782b89a5555c1497"
            ],
            "version": "==4.3.4"
        },
        "lazy-object-proxy": {
            "hashes": [
                "sha256:0ce34342b419bd8f018e6666bfef729aec3edf62345a53b537a4dcc115746a33",
                "sha256:1b668120716eb7ee21d8a38815e5eb3bb8211117d9a90b0f8e21722c0758cc39",
                "sha256:209615b0fe4624d79e50220ce3310ca1a9445fd8e6d3572a896e7f9146bbf019",
                "sha256:27bf62cb2b1a2068d443ff7097ee33393f8483b570b475db8ebf7e1cba64f088",
                "sha256:27ea6fd1c02dcc78172a82fc37fcc0992a94e4cecf53cb6d73f11749825bd98b",
                "sha256:2c1b21b44ac9beb0fc848d3993924147ba45c4ebc24be19825e57aabbe74a99e",
                "sha256:2df72ab12046a3496a92476020a1a0abf78b2a7db9ff4dc2036b8dd980203ae6",
                "sha256:320ffd3de9699d3892048baee45ebfbbf9388a7d65d832d7e580243ade426d2b",
                "sha256:50e3b9a464d5d08cc5227413db0d1c4707b6172e4d4d915c1c70e4de0bbff1f5",
                "sha256:5276db7ff62bb7b52f77f1f51ed58850e315154249aceb42e7f4c611f0f847ff",
                "sha256:61a6cf00dcb1a7f0c773ed4acc509cb636af2d6337a08f362413c76b2b47a8dd",
                "sha256:6ae6c4cb59f199d8827c5a07546b2ab7e85d262acaccaacd49b62f53f7c456f7",
                "sha256:7661d401d60d8bf15bb5da39e4dd72f5d764c5aff5a86ef52a042506e3e970ff",
                "sha256:7bd527f36a605c914efca5d3d014170b2cb184723e423d26b1fb2fd9108e264d",
                "sha256:7cb54db3535c8686ea12e9535eb087d32421184eacc6939ef15ef50f83a5e7e2",
                "sha256:7f3a2d740291f7f2c111d86a1c4851b70fb000a6c8883a59660d95ad57b9df35",
                "sha256:81304b7d8e9c824d058087dcb89144842c8e0dea6d281c031f59f0acf66963d4",
                "sha256:933947e8b4fbe617a51528b09851685138b49d511af0b6c0da2539115d6d4514",
                "sha256:94223d7f060301b3a8c09c9b3bc3294b56b2188e7d8179c762a1cda72c979252",
                "sha256:ab3ca49afcb47058393b0122428358d2fbe0408cf99f1b58b295cfeb4ed39109",
                "sha256:bd6292f565ca46dee4e737ebcc20742e3b5be2b01556dafe169f6c65d088875f",
                "sha256:cb924aa3e4a3fb644d0c463cad5bc2572649a6a3f68a7f8e4fbe44aaa6d77e4c",
                "sha256:d0fc7a286feac9077ec52a927fc9fe8fe2fabab95426722be4c953c9a8bede92",
                "sha256:ddc34786490a6e4ec0a855d401034cbd1242ef186c20d79d2166d6a4bd449577",
                "sha256:e34b155e36fa9da7e1b7c738ed7767fc9491a62ec6af70fe9da4a057759edc2d",
                "sha256:e5b9e8f6bda48460b7b143c3821b21b452cb3a835e6bbd5dd33aa0c8d3f5137d",
                "sha256:e81ebf6c5ee9684be8f2c87563880f93eedd56dd2b6146d8a725b50b7e5adb0f",
                "sha256:eb91be369f945f10d3a49f5f9be8b3d0b93a4c2be8f8a5b83b0571b8123e0a7a",
                "sha256:f460d1ceb0e4a5dcb2a652db0904224f367c9b3c1470d5a7683c0480e582468b"
            ],
            "version": "==1.3.1"
        },
        "mccabe": {
            "hashes": [
                "sha256:ab8a6258860da4b6677da4bd2fe5dc2c659cff31b3ee4f7f5d64e79735b80d42",
                "sha256:dd8d182285a0fe56bace7f45b5e7d1a6ebcbf524e8f3bd87eb0f125271b8831f"
            ],
            "version": "==0.6.1"
        },
        "numpy": {
            "hashes": [
                "sha256:00a458d6821b1e87be873f2126d5646b901047a7480e8ae9773ecf214f0e19f3",
                "sha256:0470c5dc32212a08ebc2405f32e8ceb9a5b1c8ac61a2daf9835ec0856a220495",
                "sha256:24a9c287a4a1c427c2d45bf7c4fc6180c52a08fa0990d4c94e4c86a9b1e23ba5",
                "sha256:25600e8901012180a1b7cd1ac3e27e7793586ecd432383191929ac2edf37ff5d",
                "sha256:2d279bd99329e72c30937bdef82b6dc7779c7607c5a379bab1bf76be1f4c1422",
                "sha256:32af2bcf4bb7631dac19736a6e092ec9715e770dcaa1f85fcd99dec5040b2a4d",
                "sha256:3e90a9fce378114b6c2fc01fff7423300515c7b54b7cc71b02a22bc0bd7dfdd8",
                "sha256:5774d49516c37fd3fc1f232e033d2b152f3323ca4c7bfefd7277e4c67f3c08b4",
                "sha256:64ff21aac30d40c20ba994c94a08d439b8ced3b9c704af897e9e4ba09d10e62c",
                "sha256:803b2af862dcad6c11231ea3cd1015d1293efd6c87088be33d713a9b23e9e419",
                "sha256:95c830b09626508f7808ce7f1344fb98068e63143e6050e5dc3063142fc60007",
                "sha256:96e49a0c82b4e3130093002f625545104037c2d25866fa2e0c90d6e54f5a1fbc",
                "sha256:a1dd8221f0e69038748f47b8bb3248d0b9ecdf13fe837440951c3d5ff72639bb",
                "sha256:a80ecac5664f420556a725a5646f2d1c60a7c0489d68a38b5056393e949e27ac",
                "sha256:b19a47ff1bd2fca0cacdfa830c967746764c32dca6a0c0328d9c893f4bfe2f6b",
                "sha256:be43df2c563e264b38e3318574d80fc8f365df3fb745270934d2dbe54e006f41",
                "sha256:c40cb17188f6ae3c5b6efc6f0fd43a7ddd219b7807fe179e71027849a9b91afc",
                "sha256:c6251e0f0ecac53ba2b99d9f0cc16fa9021914a78869c38213c436ba343641f0",
                "sha256:cb189bd98b2e7ac02df389b6212846ab20661f4bafe16b5a70a6f1728c1cc7cb",
                "sha256:ef4ae41add536cb825d8aa029c15ef510aead06ea5b68daea64f0b9ecbff17db",
                "sha256:f00a2c21f60284e024bba351875f3501c6d5817d64997a0afe4f4355161a8889",
                "sha256:f1232f98a6bbd6d1678249f94028bccc541bbc306aa5c4e1471a881b0e5a3409",
                "sha256:fea682f6ddc09517df0e6d5caad9613c6d91a42232aeb082df67e4d205de19cc"
            ],
            "index": "pypi",
            "version": "==1.16.0"
        },
        "pandas": {
            "hashes": [
                "sha256:11975fad9edbdb55f1a560d96f91830e83e29bed6ad5ebf506abda09818eaf60",
                "sha256:12e13d127ca1b585dd6f6840d3fe3fa6e46c36a6afe2dbc5cb0b57032c902e31",
                "sha256:1c87fcb201e1e06f66e23a61a5fea9eeebfe7204a66d99df24600e3f05168051",
                "sha256:242e9900de758e137304ad4b5663c2eff0d798c2c3b891250bd0bd97144579da",
                "sha256:26c903d0ae1542890cb9abadb4adcb18f356b14c2df46e4ff657ae640e3ac9e7",
                "sha256:2e1e88f9d3e5f107b65b59cd29f141995597b035d17cc5537e58142038942e1a",
                "sha256:31b7a48b344c14691a8e92765d4023f88902ba3e96e2e4d0364d3453cdfd50db",
                "sha256:4fd07a932b4352f8a8973761ab4e84f965bf81cc750fb38e04f01088ab901cb8",
                "sha256:5b24ca47acf69222e82530e89111dd9d14f9b970ab2cd3a1c2c78f0c4fbba4f4",
                "sha256:647b3b916cc8f6aeba240c8171be3ab799c3c1b2ea179a3be0bd2712c4237553",
                "sha256:66b060946046ca27c0e03e9bec9bba3e0b918bafff84c425ca2cc2e157ce121e",
                "sha256:6efa9fa6e1434141df8872d0fa4226fc301b17aacf37429193f9d70b426ea28f",
                "sha256:be4715c9d8367e51dbe6bc6d05e205b1ae234f0dc5465931014aa1c4af44c1ba",
                "sha256:bea90da782d8e945fccfc958585210d23de374fa9294a9481ed2abcef637ebfc",
                "sha256:d318d77ab96f66a59e792a481e2701fba879e1a453aefeebdb17444fe204d1ed",
                "sha256:d785fc08d6f4207437e900ffead930a61e634c5e4f980ba6d3dc03c9581748c7",
                "sha256:de9559287c4fe8da56e8c3878d2374abc19d1ba2b807bfa7553e912a8e5ba87c",
                "sha256:f4f98b190bb918ac0bc0e3dd2ab74ff3573da9f43106f6dba6385406912ec00f",
                "sha256:f71f1a7e2d03758f6e957896ed696254e2bc83110ddbc6942018f1a232dd9dad",
                "sha256:fb944c8f0b0ab5c1f7846c686bc4cdf8cde7224655c12edcd59d5212cd57bec0"
            ],
            "index": "pypi",
            "version": "==0.23.4"
        },
        "pep8": {
            "hashes": [
                "sha256:b22cfae5db09833bb9bd7c8463b53e1a9c9b39f12e304a8d0bba729c501827ee",
                "sha256:fe249b52e20498e59e0b5c5256aa52ee99fc295b26ec9eaa85776ffdb9fe6374"
            ],
            "index": "pypi",
            "version": "==1.7.1"
        },
        "pycodestyle": {
            "hashes": [
                "sha256:cbc619d09254895b0d12c2c691e237b2e91e9b2ecf5e84c26b35400f93dcfb83",
                "sha256:cbfca99bd594a10f674d0cd97a3d802a1fdef635d4361e1a2658de47ed261e3a"
            ],
            "version": "==2.4.0"
        },
        "pydocstyle": {
            "hashes": [
                "sha256:2258f9b0df68b97bf3a6c29003edc5238ff8879f1efb6f1999988d934e432bd8",
                "sha256:5741c85e408f9e0ddf873611085e819b809fca90b619f5fd7f34bd4959da3dd4",
                "sha256:ed79d4ec5e92655eccc21eb0c6cf512e69512b4a97d215ace46d17e4990f2039"
            ],
            "index": "pypi",
            "version": "==3.0.0"
        },
        "pyflakes": {
            "hashes": [
                "sha256:9a7662ec724d0120012f6e29d6248ae3727d821bba522a0e6b356eff19126a49",
                "sha256:f661252913bc1dbe7fcfcbf0af0db3f42ab65aabd1a6ca68fe5d466bace94dae"
            ],
            "version": "==2.0.0"
        },
        "pylint": {
            "hashes": [
                "sha256:689de29ae747642ab230c6d37be2b969bf75663176658851f456619aacf27492",
                "sha256:771467c434d0d9f081741fec1d64dfb011ed26e65e12a28fe06ca2f61c4d556c"
            ],
            "index": "pypi",
            "version": "==2.2.2"
        },
        "python-dateutil": {
            "hashes": [
                "sha256:063df5763652e21de43de7d9e00ccf239f953a832941e37be541614732cdfc93",
                "sha256:88f9287c0174266bb0d8cedd395cfba9c58e87e5ad86b2ce58859bc11be3cf02"
            ],
            "markers": "python_version >= '2.7'",
            "version": "==2.7.5"
        },
        "pytz": {
            "hashes": [
                "sha256:32b0891edff07e28efe91284ed9c31e123d84bea3fd98e1f72be2508f43ef8d9",
                "sha256:d5f05e487007e29e03409f9398d074e158d920d36eb82eaf66fb1136b0c5374c"
            ],
            "version": "==2018.9"
        },
        "six": {
            "hashes": [
                "sha256:70e8a77beed4562e7f14fe23a786b54f6296e34344c23bc42f07b15018ff98e9",
                "sha256:832dc0e10feb1aa2c68dcc57dbb658f1c7e65b9b61af69048abc87a2db00a0eb"
            ],
            "version": "==1.11.0"
        },
        "snowballstemmer": {
            "hashes": [
                "sha256:919f26a68b2c17a7634da993d91339e288964f93c274f1343e3bbbe2096e1128",
                "sha256:9f3bcd3c401c3e862ec0ebe6d2c069ebc012ce142cce209c098ccb5b09136e89"
            ],
            "version": "==1.2.1"
        },
        "sqlalchemy": {
            "hashes": [
                "sha256:6af3ca2f7f00844465ab4fa78337d487b39e53f516c51328aed4ed3a719d4264"
            ],
            "index": "pypi",
            "version": "==1.2.16"
        },
        "typed-ast": {
            "hashes": [
                "sha256:023625bfa9359e29bd6e24cac2a4503495b49761d48a5f1e38333fc4ac4d93fe",
                "sha256:07591f7a5fdff50e2e566c4c1e9df545c75d21e27d98d18cb405727ed0ef329c",
                "sha256:153e526b0f4ffbfada72d0bb5ffe8574ba02803d2f3a9c605c8cf99dfedd72a2",
                "sha256:3ad2bdcd46a4a1518d7376e9f5016d17718a9ed3c6a3f09203d832f6c165de4a",
                "sha256:3ea98c84df53ada97ee1c5159bb3bc784bd734231235a1ede14c8ae0775049f7",
                "sha256:51a7141ccd076fa561af107cfb7a8b6d06a008d92451a1ac7e73149d18e9a827",
                "sha256:52c93cd10e6c24e7ac97e8615da9f224fd75c61770515cb323316c30830ddb33",
                "sha256:6344c84baeda3d7b33e157f0b292e4dd53d05ddb57a63f738178c01cac4635c9",
                "sha256:64699ca1b3bd5070bdeb043e6d43bc1d0cebe08008548f4a6bee782b0ecce032",
                "sha256:74903f2e56bbffe29282ef8a5487d207d10be0f8513b41aff787d954a4cf91c9",
                "sha256:7891710dba83c29ee2bd51ecaa82f60f6bede40271af781110c08be134207bf2",
                "sha256:91976c56224e26c256a0de0f76d2004ab885a29423737684b4f7ebdd2f46dde2",
                "sha256:9bad678a576ecc71f25eba9f1e3fd8d01c28c12a2834850b458428b3e855f062",
                "sha256:b4726339a4c180a8b6ad9d8b50d2b6dc247e1b79b38fe2290549c98e82e4fd15",
                "sha256:ba36f6aa3f8933edf94ea35826daf92cbb3ec248b89eccdc053d4a815d285357",
                "sha256:bbc96bde544fd19e9ef168e4dfa5c3dfe704bfa78128fa76f361d64d6b0f731a",
                "sha256:c0c927f1e44469056f7f2dada266c79b577da378bbde3f6d2ada726d131e4824",
                "sha256:c0f9a3708008aa59f560fa1bd22385e05b79b8e38e0721a15a8402b089243442",
                "sha256:f0bf6f36ff9c5643004171f11d2fdc745aa3953c5aacf2536a0685db9ceb3fb1",
                "sha256:f5be39a0146be663cbf210a4d95c3c58b2d7df7b043c9047c5448e358f0550a2",
                "sha256:fcd198bf19d9213e5cbf2cde2b9ef20a9856e716f76f9476157f90ae6de06cc6"
            ],
            "markers": "python_version < '3.7' and implementation_name == 'cpython'",
            "version": "==1.2.0"
        },
        "wrapt": {
            "hashes": [
                "sha256:e03f19f64d81d0a3099518ca26b04550026f131eced2e76ced7b85c6b8d32128"
            ],
            "version": "==1.11.0"
        }
    }
}
